
Microsoft Visual Studio Solution File, Format Version 12.00
# Visual Studio Version 17
VisualStudioVersion = 17.3.32901.215
MinimumVisualStudioVersion = 10.0.40219.1
Project("{FAE04EC0-301F-11D3-BF4B-00C04F79EFBC}") = "bolum2basithesapmakinesi-847", "bolum2basithesapmakinesi-847\bolum2basithesapmakinesi-847.csproj", "{D1EB6C25-5C1E-435C-888B-8356E95BBAEA}"
EndProject
Global
	GlobalSection(SolutionConfigurationPlatforms) = preSolution
		Debug|Any CPU = Debug|Any CPU
		Release|Any CPU = Release|Any CPU
	EndGlobalSection
	GlobalSection(ProjectConfigurationPlatforms) = postSolution
		{D1EB6C25-5C1E-435C-888B-8356E95BBAEA}.Debug|Any CPU.ActiveCfg = Debug|Any CPU
		{D1EB6C25-5C1E-435C-888B-8356E95BBAEA}.Debug|Any CPU.Build.0 = Debug|Any CPU
		{D1EB6C25-5C1E-435C-888B-8356E95BBAEA}.Release|Any CPU.ActiveCfg = Release|Any CPU
		{D1EB6C25-5C1E-435C-888B-8356E95BBAEA}.Release|Any CPU.Build.0 = Release|Any CPU
	EndGlobalSection
	GlobalSection(SolutionProperties) = preSolution
		HideSolutionNode = FALSE
	EndGlobalSection
	GlobalSection(ExtensibilityGlobals) = postSolution
		SolutionGuid = {A111C73C-ABCF-4E44-980B-0E79C786DD4C}
	EndGlobalSection
EndGlobal
